
Microsoft Visual Studio Solution File, Format Version 12.00
# Visual Studio 15
VisualStudioVersion = 15.0.26124.0
MinimumVisualStudioVersion = 15.0.26124.0
Project("{FAE04EC0-301F-11D3-BF4B-00C04F79EFBC}") = "Grabber", "Grabber\Grabber.csproj", "{CC97CCE9-AE26-4B72-B53A-2DF3EE60757E}"
EndProject
Project("{FAE04EC0-301F-11D3-BF4B-00C04F79EFBC}") = "MoviesDB", "MoviesDB\MoviesDB.csproj", "{1D04FACC-08FC-4007-A2A4-3B09CE9EDB0D}"
EndProject
Project("{FAE04EC0-301F-11D3-BF4B-00C04F79EFBC}") = "Site", "Site\Site.csproj", "{BF16F84E-493D-4784-B3B2-FBA45C413361}"
EndProject
Project("{FAE04EC0-301F-11D3-BF4B-00C04F79EFBC}") = "ImdbDB", "ImdbDB\ImdbDB.csproj", "{89A2E7D0-6C34-4D18-BE9B-ABAB299D188B}"
EndProject
Project("{FAE04EC0-301F-11D3-BF4B-00C04F79EFBC}") = "Core", "Core\Core.csproj", "{095475CB-35A6-42A5-BDD6-D2B6AE6399A6}"
EndProject
Project("{FAE04EC0-301F-11D3-BF4B-00C04F79EFBC}") = "Core.Entities", "Core.Entities\Core.Entities.csproj", "{90948C8D-3326-4C31-B8D9-F6663F6D92FF}"
EndProject
Project("{FAE04EC0-301F-11D3-BF4B-00C04F79EFBC}") = "CoreTest", "CoreTest\CoreTest.csproj", "{1ECA1554-5C8D-4B5B-B3D6-C6EE9497963E}"
EndProject
Global
	GlobalSection(SolutionConfigurationPlatforms) = preSolution
		Debug|Any CPU = Debug|Any CPU
		Debug|x64 = Debug|x64
		Debug|x86 = Debug|x86
		Release|Any CPU = Release|Any CPU
		Release|x64 = Release|x64
		Release|x86 = Release|x86
	EndGlobalSection
	GlobalSection(SolutionProperties) = preSolution
		HideSolutionNode = FALSE
	EndGlobalSection
	GlobalSection(ProjectConfigurationPlatforms) = postSolution
		{CC97CCE9-AE26-4B72-B53A-2DF3EE60757E}.Debug|Any CPU.ActiveCfg = Debug|Any CPU
		{CC97CCE9-AE26-4B72-B53A-2DF3EE60757E}.Debug|Any CPU.Build.0 = Debug|Any CPU
		{CC97CCE9-AE26-4B72-B53A-2DF3EE60757E}.Debug|x64.ActiveCfg = Debug|x64
		{CC97CCE9-AE26-4B72-B53A-2DF3EE60757E}.Debug|x64.Build.0 = Debug|x64
		{CC97CCE9-AE26-4B72-B53A-2DF3EE60757E}.Debug|x86.ActiveCfg = Debug|x86
		{CC97CCE9-AE26-4B72-B53A-2DF3EE60757E}.Debug|x86.Build.0 = Debug|x86
		{CC97CCE9-AE26-4B72-B53A-2DF3EE60757E}.Release|Any CPU.ActiveCfg = Release|Any CPU
		{CC97CCE9-AE26-4B72-B53A-2DF3EE60757E}.Release|Any CPU.Build.0 = Release|Any CPU
		{CC97CCE9-AE26-4B72-B53A-2DF3EE60757E}.Release|x64.ActiveCfg = Release|x64
		{CC97CCE9-AE26-4B72-B53A-2DF3EE60757E}.Release|x64.Build.0 = Release|x64
		{CC97CCE9-AE26-4B72-B53A-2DF3EE60757E}.Release|x86.ActiveCfg = Release|x86
		{CC97CCE9-AE26-4B72-B53A-2DF3EE60757E}.Release|x86.Build.0 = Release|x86
		{1D04FACC-08FC-4007-A2A4-3B09CE9EDB0D}.Debug|Any CPU.ActiveCfg = Debug|Any CPU
		{1D04FACC-08FC-4007-A2A4-3B09CE9EDB0D}.Debug|Any CPU.Build.0 = Debug|Any CPU
		{1D04FACC-08FC-4007-A2A4-3B09CE9EDB0D}.Debug|x64.ActiveCfg = Debug|x64
		{1D04FACC-08FC-4007-A2A4-3B09CE9EDB0D}.Debug|x64.Build.0 = Debug|x64
		{1D04FACC-08FC-4007-A2A4-3B09CE9EDB0D}.Debug|x86.ActiveCfg = Debug|x86
		{1D04FACC-08FC-4007-A2A4-3B09CE9EDB0D}.Debug|x86.Build.0 = Debug|x86
		{1D04FACC-08FC-4007-A2A4-3B09CE9EDB0D}.Release|Any CPU.ActiveCfg = Release|Any CPU
		{1D04FACC-08FC-4007-A2A4-3B09CE9EDB0D}.Release|Any CPU.Build.0 = Release|Any CPU
		{1D04FACC-08FC-4007-A2A4-3B09CE9EDB0D}.Release|x64.ActiveCfg = Release|x64
		{1D04FACC-08FC-4007-A2A4-3B09CE9EDB0D}.Release|x64.Build.0 = Release|x64
		{1D04FACC-08FC-4007-A2A4-3B09CE9EDB0D}.Release|x86.ActiveCfg = Release|x86
		{1D04FACC-08FC-4007-A2A4-3B09CE9EDB0D}.Release|x86.Build.0 = Release|x86
		{BF16F84E-493D-4784-B3B2-FBA45C413361}.Debug|Any CPU.ActiveCfg = Debug|Any CPU
		{BF16F84E-493D-4784-B3B2-FBA45C413361}.Debug|Any CPU.Build.0 = Debug|Any CPU
		{BF16F84E-493D-4784-B3B2-FBA45C413361}.Debug|x64.ActiveCfg = Debug|x64
		{BF16F84E-493D-4784-B3B2-FBA45C413361}.Debug|x64.Build.0 = Debug|x64
		{BF16F84E-493D-4784-B3B2-FBA45C413361}.Debug|x86.ActiveCfg = Debug|x86
		{BF16F84E-493D-4784-B3B2-FBA45C413361}.Debug|x86.Build.0 = Debug|x86
		{BF16F84E-493D-4784-B3B2-FBA45C413361}.Release|Any CPU.ActiveCfg = Release|Any CPU
		{BF16F84E-493D-4784-B3B2-FBA45C413361}.Release|Any CPU.Build.0 = Release|Any CPU
		{BF16F84E-493D-4784-B3B2-FBA45C413361}.Release|x64.ActiveCfg = Release|x64
		{BF16F84E-493D-4784-B3B2-FBA45C413361}.Release|x64.Build.0 = Release|x64
		{BF16F84E-493D-4784-B3B2-FBA45C413361}.Release|x86.ActiveCfg = Release|x86
		{BF16F84E-493D-4784-B3B2-FBA45C413361}.Release|x86.Build.0 = Release|x86
		{89A2E7D0-6C34-4D18-BE9B-ABAB299D188B}.Debug|Any CPU.ActiveCfg = Debug|Any CPU
		{89A2E7D0-6C34-4D18-BE9B-ABAB299D188B}.Debug|Any CPU.Build.0 = Debug|Any CPU
		{89A2E7D0-6C34-4D18-BE9B-ABAB299D188B}.Debug|x64.ActiveCfg = Debug|x64
		{89A2E7D0-6C34-4D18-BE9B-ABAB299D188B}.Debug|x64.Build.0 = Debug|x64
		{89A2E7D0-6C34-4D18-BE9B-ABAB299D188B}.Debug|x86.ActiveCfg = Debug|x86
		{89A2E7D0-6C34-4D18-BE9B-ABAB299D188B}.Debug|x86.Build.0 = Debug|x86
		{89A2E7D0-6C34-4D18-BE9B-ABAB299D188B}.Release|Any CPU.ActiveCfg = Release|Any CPU
		{89A2E7D0-6C34-4D18-BE9B-ABAB299D188B}.Release|Any CPU.Build.0 = Release|Any CPU
		{89A2E7D0-6C34-4D18-BE9B-ABAB299D188B}.Release|x64.ActiveCfg = Release|x64
		{89A2E7D0-6C34-4D18-BE9B-ABAB299D188B}.Release|x64.Build.0 = Release|x64
		{89A2E7D0-6C34-4D18-BE9B-ABAB299D188B}.Release|x86.ActiveCfg = Release|x86
		{89A2E7D0-6C34-4D18-BE9B-ABAB299D188B}.Release|x86.Build.0 = Release|x86
		{095475CB-35A6-42A5-BDD6-D2B6AE6399A6}.Debug|Any CPU.ActiveCfg = Debug|Any CPU
		{095475CB-35A6-42A5-BDD6-D2B6AE6399A6}.Debug|Any CPU.Build.0 = Debug|Any CPU
		{095475CB-35A6-42A5-BDD6-D2B6AE6399A6}.Debug|x64.ActiveCfg = Debug|Any CPU
		{095475CB-35A6-42A5-BDD6-D2B6AE6399A6}.Debug|x64.Build.0 = Debug|Any CPU
		{095475CB-35A6-42A5-BDD6-D2B6AE6399A6}.Debug|x86.ActiveCfg = Debug|Any CPU
		{095475CB-35A6-42A5-BDD6-D2B6AE6399A6}.Debug|x86.Build.0 = Debug|Any CPU
		{095475CB-35A6-42A5-BDD6-D2B6AE6399A6}.Release|Any CPU.ActiveCfg = Release|Any CPU
		{095475CB-35A6-42A5-BDD6-D2B6AE6399A6}.Release|Any CPU.Build.0 = Release|Any CPU
		{095475CB-35A6-42A5-BDD6-D2B6AE6399A6}.Release|x64.ActiveCfg = Release|Any CPU
		{095475CB-35A6-42A5-BDD6-D2B6AE6399A6}.Release|x64.Build.0 = Release|Any CPU
		{095475CB-35A6-42A5-BDD6-D2B6AE6399A6}.Release|x86.ActiveCfg = Release|Any CPU
		{095475CB-35A6-42A5-BDD6-D2B6AE6399A6}.Release|x86.Build.0 = Release|Any CPU
		{90948C8D-3326-4C31-B8D9-F6663F6D92FF}.Debug|Any CPU.ActiveCfg = Debug|Any CPU
		{90948C8D-3326-4C31-B8D9-F6663F6D92FF}.Debug|Any CPU.Build.0 = Debug|Any CPU
		{90948C8D-3326-4C31-B8D9-F6663F6D92FF}.Debug|x64.ActiveCfg = Debug|Any CPU
		{90948C8D-3326-4C31-B8D9-F6663F6D92FF}.Debug|x64.Build.0 = Debug|Any CPU
		{90948C8D-3326-4C31-B8D9-F6663F6D92FF}.Debug|x86.ActiveCfg = Debug|Any CPU
		{90948C8D-3326-4C31-B8D9-F6663F6D92FF}.Debug|x86.Build.0 = Debug|Any CPU
		{90948C8D-3326-4C31-B8D9-F6663F6D92FF}.Release|Any CPU.ActiveCfg = Release|Any CPU
		{90948C8D-3326-4C31-B8D9-F6663F6D92FF}.Release|Any CPU.Build.0 = Release|Any CPU
		{90948C8D-3326-4C31-B8D9-F6663F6D92FF}.Release|x64.ActiveCfg = Release|Any CPU
		{90948C8D-3326-4C31-B8D9-F6663F6D92FF}.Release|x64.Build.0 = Release|Any CPU
		{90948C8D-3326-4C31-B8D9-F6663F6D92FF}.Release|x86.ActiveCfg = Release|Any CPU
		{90948C8D-3326-4C31-B8D9-F6663F6D92FF}.Release|x86.Build.0 = Release|Any CPU
		{1ECA1554-5C8D-4B5B-B3D6-C6EE9497963E}.Debug|Any CPU.ActiveCfg = Debug|Any CPU
		{1ECA1554-5C8D-4B5B-B3D6-C6EE9497963E}.Debug|Any CPU.Build.0 = Debug|Any CPU
		{1ECA1554-5C8D-4B5B-B3D6-C6EE9497963E}.Debug|x64.ActiveCfg = Debug|Any CPU
		{1ECA1554-5C8D-4B5B-B3D6-C6EE9497963E}.Debug|x64.Build.0 = Debug|Any CPU
		{1ECA1554-5C8D-4B5B-B3D6-C6EE9497963E}.Debug|x86.ActiveCfg = Debug|Any CPU
		{1ECA1554-5C8D-4B5B-B3D6-C6EE9497963E}.Debug|x86.Build.0 = Debug|Any CPU
		{1ECA1554-5C8D-4B5B-B3D6-C6EE9497963E}.Release|Any CPU.ActiveCfg = Release|Any CPU
		{1ECA1554-5C8D-4B5B-B3D6-C6EE9497963E}.Release|Any CPU.Build.0 = Release|Any CPU
		{1ECA1554-5C8D-4B5B-B3D6-C6EE9497963E}.Release|x64.ActiveCfg = Release|Any CPU
		{1ECA1554-5C8D-4B5B-B3D6-C6EE9497963E}.Release|x64.Build.0 = Release|Any CPU
		{1ECA1554-5C8D-4B5B-B3D6-C6EE9497963E}.Release|x86.ActiveCfg = Release|Any CPU
		{1ECA1554-5C8D-4B5B-B3D6-C6EE9497963E}.Release|x86.Build.0 = Release|Any CPU
	EndGlobalSection
EndGlobal
